atomicgo.dev/assert v0.0.2 h1:FiKeMiZSgRrZsPo9qn/7vmr7mCsh5SZyXY4YGYiYwrg=
atomicgo.dev/cursor v0.1.1 h1:0t9sxQomCTRh5ug+hAMCs59x/UmC9QL6Ci5uosINKD4=
atomicgo.dev/cursor v0.1.1/go.mod h1:Lr4ZJB3U7DfPPOkbH7/6TOtJ4vFGHlgj1nc+n900IpU=
atomicgo.dev/keyboard v0.2.8 h1:Di09BitwZgdTV1hPyX/b9Cqxi8HVuJQwWivnZUEqlj4=
atomicgo.dev/keyboard v0.2.8/go.mod h1:BC4w9g00XkxH/f1HXhW2sXmJFOCWbKn9xrOunSFtExQ=
cloud.google.com/go v0.26.0/go.mod h1:aQUYkXzVsufM+DwF1aE+0xfcU+56JwCaLick0ClmMTw=
github.com/BurntSushi/toml v0.3.1/go.mod h1:xHWCNGjB5oqiDr8zfno3MHue2Ht5sIBksp03qcyfWMU=
github.com/DATA-DOG/go-sqlmock v1.5.0 h1:Shsta01QNfFxHCfpW6YH2STWB0MudeXXEWMr20OEh60=
github.com/DATA-DOG/go-sqlmock v1.5.0/go.mod h1:f/Ixk793poVmq4qj/V1dPUg2JEAKC73Q5eFN3EC/SaM=
github.com/MarvinJWendt/testza v0.1.0/go.mod h1:7AxNvlfeHP7Z/hDQ5JtE3OKYT3XFUeLCDE2DQninSqs=
github.com/MarvinJWendt/testza v0.2.1/go.mod h1:God7bhG8n6uQxwdScay+gjm9/LnO4D3kkcZX4hv9Rp8=
github.com/MarvinJWendt/testza v0.2.8/go.mod h1:nwIcjmr0Zz+Rcwfh3/4UhBp7ePKVhuBExvZqnKYWlII=
github.com/MarvinJWendt/testza v0.2.10/go.mod h1:pd+VWsoGUiFtq+hRKSU1Bktnn+DMCSrDrXDpX2bG66k=
github.com/MarvinJWendt/testza v0.2.12/go.mod h1:JOIegYyV7rX+7VZ9r77L/eH6CfJHHzXjB69adAhzZkI=
github.com/MarvinJWendt/testza v0.3.0/go.mod h1:eFcL4I0idjtIx8P9C6KkAuLgATNKpX4/2oUqKc6bF2c=
github.com/MarvinJWendt/testza v0.4.2/go.mod h1:mSdhXiKH8sg/gQehJ63bINcCKp7RtYewEjXsvsVUPbE=
github.com/MarvinJWendt/testza v0.5.1 h1:a9Fqx6vQrHQ4CyiaLhktfTTelwGotmFWy8MNhyaohw8=
github.com/atomicgo/cursor v0.0.1/go.mod h1:cBON2QmmrysudxNBFthvMtN32r3jxVRIvzkUiF/RuIk=
github.com/aws/aws-sdk-go-v2 v1.17.2 h1:r0yRZInwiPBNpQ4aDy/Ssh3ROWsGtKDwar2JS8Lm+N8=
github.com/aws/aws-sdk-go-v2 v1.17.2/go.mod h1:uzbQtefpm44goOPmdKyAlXSNcwlRgF3ePWVW6EtJvvw=
github.com/aws/aws-sdk-go-v2/aws/protocol/eventstream v1.4.10 h1:dK82zF6kkPeCo8J1e+tGx4JdvDIQzj7ygIoLg8WMuGs=
github.com/aws/aws-sdk-go-v2/aws/protocol/eventstream v1.4.10/go.mod h1:VeTZetY5KRJLuD/7fkQXMU6Mw7H5m/KP2J5Iy9osMno=
github.com/aws/aws-sdk-go-v2/config v1.18.4 h1:VZKhr3uAADXHStS/Gf9xSYVmmaluTUfkc0dcbPiDsKE=
github.com/aws/aws-sdk-go-v2/config v1.18.4/go.mod h1:EZxMPLSdGAZ3eAmkqXfYbRppZJTzFTkv8VyEzJhKko4=
github.com/aws/aws-sdk-go-v2/credentials v1.13.4 h1:nEbHIyJy7mCvQ/kzGG7VWHSBpRB4H6sJy3bWierWUtg=
github.com/aws/aws-sdk-go-v2/credentials v1.13.4/go.mod h1:/Cj5w9LRsNTLSwexsohwDME32OzJ6U81Zs33zr2ZWOM=
github.com/aws/aws-sdk-go-v2/feature/ec2/imds v1.12.20 h1:tpNOglTZ8kg9T38NpcGBxudqfUAwUzyUnLQ4XSd0CHE=
github.com/aws/aws-sdk-go-v2/feature/ec2/imds v1.12.20/go.mod h1:d9xFpWd3qYwdIXM0fvu7deD08vvdRXyc/ueV+0SqaWE=
github.com/aws/aws-sdk-go-v2/feature/s3/manager v1.11.43 h1:+bkAMTd5OGyHu2nwNOangjEsP65fR0uhMbZJA52sZ64=
github.com/aws/aws-sdk-go-v2/feature/s3/manager v1.11.43/go.mod h1:sS2tu0VEspKuY5eM1vQgy7P/hpZX8F62o6qsghZExWc=
github.com/aws/aws-sdk-go-v2/internal/configsources v1.1.26 h1:5WU31cY7m0tG+AiaXuXGoMzo2GBQ1IixtWa8Yywsgco=
github.com/aws/aws-sdk-go-v2/internal/configsources v1.1.26/go.mod h1:2E0LdbJW6lbeU4uxjum99GZzI0ZjDpAb0CoSCM0oeEY=
github.com/aws/aws-sdk-go-v2/internal/endpoints/v2 v2.4.20 h1:WW0qSzDWoiWU2FS5DbKpxGilFVlCEJPwx4YtjdfI0Jw=
github.com/aws/aws-sdk-go-v2/internal/endpoints/v2 v2.4.20/go.mod h1:/+6lSiby8TBFpTVXZgKiN/rCfkYXEGvhlM4zCgPpt7w=
github.com/aws/aws-sdk-go-v2/internal/ini v1.3.27 h1:N2eKFw2S+JWRCtTt0IhIX7uoGGQciD4p6ba+SJv4WEU=
github.com/aws/aws-sdk-go-v2/internal/ini v1.3.27/go.mod h1:RdwFVc7PBYWY33fa2+8T1mSqQ7ZEK4ILpM0wfioDC3w=
github.com/aws/aws-sdk-go-v2/internal/v4a v1.0.17 h1:5tXbMJ7Jq0iG65oiMg6tCLsHkSaO2xLXa2EmZ29vaTA=
github.com/aws/aws-sdk-go-v2/internal/v4a v1.0.17/go.mod h1:twV0fKMQuqLY4klyFH56aXNq3AFiA5LO0/frTczEOFE=
github.com/aws/aws-sdk-go-v2/service/internal/accept-encoding v1.9.11 h1:y2+VQzC6Zh2ojtV2LoC0MNwHWc6qXv/j2vrQtlftkdA=
github.com/aws/aws-sdk-go-v2/service/internal/accept-encoding v1.9.11/go.mod h1:iV4q2hsqtNECrfmlXyord9u4zyuFEJX9eLgLpSPzWA8=
github.com/aws/aws-sdk-go-v2/service/internal/checksum v1.1.21 h1:77b1GfaSuIok5yB/3HYbG+ypWvOJDQ2rVdq943D17R4=
github.com/aws/aws-sdk-go-v2/service/internal/checksum v1.1.21/go.mod h1:sPOz31BVdqeeurKEuUpLNSve4tdCNPluE+070HNcEHI=
github.com/aws/aws-sdk-go-v2/service/internal/presigned-url v1.9.20 h1:jlgyHbkZQAgAc7VIxJDmtouH8eNjOk2REVAQfVhdaiQ=
github.com/aws/aws-sdk-go-v2/service/internal/presigned-url v1.9.20/go.mod h1:Xs52xaLBqDEKRcAfX/hgjmD3YQ7c/W+BEyfamlO/W2E=
github.com/aws/aws-sdk-go-v2/service/internal/s3shared v1.13.20 h1:4K6dbmR0mlp3o4Bo78PnpvzHtYAqEeVMguvEenpMGsI=
github.com/aws/aws-sdk-go-v2/service/internal/s3shared v1.13.20/go.mod h1:1XpDcReIEOHsjwNToDKhIAO3qwLo1BnfbtSqWJa8j7g=
github.com/aws/aws-sdk-go-v2/service/s3 v1.29.5 h1:nRSEQj1JergKTVc8RGkhZvOEGgcvo4fWpDPwGDeg2ok=
github.com/aws/aws-sdk-go-v2/service/s3 v1.29.5/go.mod h1:wcaJTmjKFDW0s+Se55HBNIds6ghdAGoDDw+SGUdrfAk=
github.com/aws/aws-sdk-go-v2/service/sso v1.11.26 h1:ActQgdTNQej/RuUJjB9uxYVLDOvRGtUreXF8L3c8wyg=
github.com/aws/aws-sdk-go-v2/service/sso v1.11.26/go.mod h1:uB9tV79ULEZUXc6Ob18A46KSQ0JDlrplPni9XW6Ot60=
github.com/aws/aws-sdk-go-v2/service/ssooidc v1.13.9 h1:wihKuqYUlA2T/Rx+yu2s6NDAns8B9DgnRooB1PVhY+Q=
github.com/aws/aws-sdk-go-v2/service/ssooidc v1.13.9/go.mod h1:2E/3D/mB8/r2J7nK42daoKP/ooCwbf0q1PznNc+DZTU=
github.com/aws/aws-sdk-go-v2/service/sts v1.17.6 h1:VQFOLQVL3BrKM/NLO/7FiS4vcp5bqK0mGMyk09xLoAY=
github.com/aws/aws-sdk-go-v2/service/sts v1.17.6/go.mod h1:Az3OXXYGyfNwQNsK/31L4R75qFYnO641RZGAoV3uH1c=
github.com/aws/smithy-go v1.13.5 h1:hgz0X/DX0dGqTYpGALqXJoRKRj5oQ7150i5FdTePzO8=
github.com/aws/smithy-go v1.13.5/go.mod h1:Tg+OJXh4MB2R/uN61Ko2f6hTZwB/ZYGOtib8J3gBHzA=
github.com/benbjohnson/clock v1.1.0 h1:Q92kusRqC1XV2MjkWETPvjJVqKetz1OzxZB7mHJLju8=
github.com/census-instrumentation/opencensus-proto v0.2.1/go.mod h1:f6KPmirojxKA12rnyqOA5BBL4O983OfeGPqjHWSTneU=
github.com/chzyer/logex v1.2.0/go.mod h1:9+9sk7u7pGNWYMkh0hdiL++6OeibzJccyQU4p4MedaY=
github.com/chzyer/readline v1.5.0/go.mod h1:x22KAscuvRqlLoK9CsoYsmxoXZMMFVyOl86cAH8qUic=
github.com/chzyer/test v0.0.0-20210722231415-061457976a23/go.mod h1:Q3SI9o4m/ZMnBNeIyt5eFwwo7qiLfzFZmjNmxjkiQlU=
github.com/client9/misspell v0.3.4/go.mod h1:qj6jICC3Q7zFZvVWo7KLAzC3yx5G7kyvSDkc90ppPyw=
github.com/cncf/udpa/go v0.0.0-20191209042840-269d4d468f6f/go.mod h1:M8M6+tZqaGXZJjfX53e64911xZQV5JYwmTeXPW+k8Sc=
github.com/conductorone/baton-sdk v0.0.23 h1:hLQnfaGWMJMB8jzY2Cx4grZCqLk+VSAsQ+6i9OE4WR4=
github.com/conductorone/baton-sdk v0.0.23/go.mod h1:jPdcy08LmTIPzgZcSOo7mviSAG0NUbjavg/1LpCTeOI=
github.com/containerd/console v1.0.3 h1:lIr7SlA5PxZyMV30bDW0MGbiOPXwc63yRuCP0ARubLw=
github.com/containerd/console v1.0.3/go.mod h1:7LqA/THxQ86k76b8c/EMSiaJ3h1eZkMkXar0TQ1gf3U=
github.com/cpuguy83/go-md2man/v2 v2.0.2/go.mod h1:tgQtvFlXSQOSOSIRvRPT7W67SCa46tRHOmNcaadrF8o=
github.com/davecgh/go-spew v1.1.0/go.mod h1:J7Y8YcW2NihsgmVo/mv3lAwl/skON4iLHjSsI+c5H38=
github.com/davecgh/go-spew v1.1.1 h1:vj9j/u1bqnvCEfJOwUhtlOARqs3+rkHYY13jYWTU97c=
github.com/davecgh/go-spew v1.1.1/go.mod h1:J7Y8YcW2NihsgmVo/mv3lAwl/skON4iLHjSsI+c5H38=
github.com/denisenkom/go-mssqldb v0.10.0/go.mod h1:xbL0rPBG9cCiLr28tMa8zpbdarY27NDyej4t/EjAShU=
github.com/doug-martin/goqu/v9 v9.18.0 h1:/6bcuEtAe6nsSMVK/M+fOiXUNfyFF3yYtE07DBPFMYY=
github.com/doug-martin/goqu/v9 v9.18.0/go.mod h1:nf0Wc2/hV3gYK9LiyqIrzBEVGlI8qW3GuDCEobC4wBQ=
github.com/dustin/go-humanize v1.0.0/go.mod h1:HtrtbFcZ19U5GC7JDqmcUSB87Iq5E25KnS6fMYU6eOk=
github.com/envoyproxy/go-control-plane v0.9.0/go.mod h1:YTl/9mNaCwkRvm6d1a2C3ymFceY/DCBVvsKhRF0iEA4=
github.com/envoyproxy/go-control-plane v0.9.1-0.20191026205805-5f8ba28d4473/go.mod h1:YTl/9mNaCwkRvm6d1a2C3ymFceY/DCBVvsKhRF0iEA4=
github.com/envoyproxy/go-control-plane v0.9.4/go.mod h1:6rpuAdCZL397s3pYoYcLgu1mIlRU8Am5FuJP05cCM98=
github.com/envoyproxy/protoc-gen-validate v0.1.0/go.mod h1:iSmxcyjqTsJpI2R4NaDN7+kN2VEUnK/pcBlmesArF7c=
github.com/envoyproxy/protoc-gen-validate v0.9.1 h1:PS7VIOgmSVhWUEeZwTe7z7zouA22Cr590PzXKbZHOVY=
github.com/envoyproxy/protoc-gen-validate v0.9.1/go.mod h1:OKNgG7TCp5pF4d6XftA0++PMirau2/yoOwVac3AbF2w=
github.com/glebarez/go-sqlite v1.19.5 h1:krEVjICcImFNi+X81GmEkSe/brhzLL3Csbkb/ihi8sI=
github.com/glebarez/go-sqlite v1.19.5/go.mod h1:IjVxx3ezfL9clKLLSzVgv2sGZe28yIa116YyLTIvp84=
github.com/go-kit/kit v0.9.0/go.mod h1:xBxKIO96dXMWWy0MnWVtmwkA9/13aqxPnvrjFYMA2as=
github.com/go-logfmt/logfmt v0.4.0/go.mod h1:3RMwSq7FuexP4Kalkev3ejPJsZTpXXBr9+V4qmtdjCk=
github.com/go-sql-driver/mysql v1.6.0/go.mod h1:DCzpHaOWr8IXmIStZouvnhqoel9Qv2LBy8hT2VhHyBg=
github.com/go-stack/stack v1.8.0/go.mod h1:v0f6uXyyMGvRgIKkXu+yp6POWl0qKG85gN/melR3HDY=
github.com/gogo/protobuf v1.3.2 h1:Ov1cvc58UF3b5XjBnZv7+opcTcQFZebYjWzi34vdm4Q=
github.com/gogo/protobuf v1.3.2/go.mod h1:P1XiOD3dCwIKUDQYPy72D8LYyHL2YPYrpS2s69NZV8Q=
github.com/golang-sql/civil v0.0.0-20190719163853-cb61b32ac6fe/go.mod h1:8vg3r2VgvsThLBIFL93Qb5yWzgyZWhEmBwUJWevAkK0=
github.com/golang/glog v0.0.0-20160126235308-23def4e6c14b/go.mod h1:SBH7ygxi8pfUlaOkMMuAQtPIUF8ecWP5IEl/CR7VP2Q=
github.com/golang/mock v1.1.1/go.mod h1:oTYuIxOrZwtPieC+H1uAHpcLFnEyAGVDL/k47Jfbm0A=
github.com/golang/protobuf v1.2.0/go.mod h1:6lQm79b+lXiMfvg/cZm0SGofjICqVBUtrP5yJMmIC1U=
github.com/golang/protobuf v1.3.2/go.mod h1:6lQm79b+lXiMfvg/cZm0SGofjICqVBUtrP5yJMmIC1U=
github.com/golang/protobuf v1.3.3/go.mod h1:vzj43D7+SQXF/4pzW/hwtAqwc6iTitCiVSaWz5lYuqw=
github.com/golang/protobuf v1.5.0/go.mod h1:FsONVRAS9T7sI+LIUmWTfcYkHO4aIWwzhcaSAoJOfIk=
github.com/golang/protobuf v1.5.2 h1:ROPKBNFfQgOUMifHyP+KYbvpjbdoFNs+aK7DXlji0Tw=
github.com/golang/protobuf v1.5.2/go.mod h1:XVQd3VNwM+JqD3oG2Ue2ip4fOMUkwXdXDdiuN0vRsmY=
github.com/google/go-cmp v0.2.0/go.mod h1:oXzfMopK8JAjlY9xF4vHSVASa0yLyX7SntLO5aqRK0M=
github.com/google/go-cmp v0.5.3/go.mod h1:v8dTdLbMG2kIc/vJvl+f65V22dbkXbowE6jgT/gNBxE=
github.com/google/go-cmp v0.5.5/go.mod h1:v8dTdLbMG2kIc/vJvl+f65V22dbkXbowE6jgT/gNBxE=
github.com/google/go-cmp v0.5.8/go.mod h1:17dUlkBOakJ0+DkrSSNjCkIjxS6bF9zb3elmeNGIjoY=
github.com/google/go-cmp v0.5.9 h1:O2Tfq5qg4qc4AmwVlvv0oLiVAGB7enBSJ2x2DqQFi38=
github.com/google/go-cmp v0.5.9/go.mod h1:17dUlkBOakJ0+DkrSSNjCkIjxS6bF9zb3elmeNGIjoY=
github.com/google/pprof v0.0.0-20221118152302-e6195bd50e26/go.mod h1:dDKJzRmX4S37WGHujM7tX//fmj1uioxKzKxz3lo4HJo=
github.com/google/uuid v1.3.0 h1:t6JiXgmwXMjEs8VusXIJk2BXHsn+wx8BZdTaoZ5fu7I=
github.com/google/uuid v1.3.0/go.mod h1:TIyPZe4MgqvfeYDBFedMoGGpEw/LqOeaOT+nhxU+yHo=
github.com/gookit/color v1.4.2/go.mod h1:fqRyamkC1W8uxl+lxCQxOT09l/vYfZ+QeiX3rKQHCoQ=
github.com/gookit/color v1.5.0/go.mod h1:43aQb+Zerm/BWh2GnrgOQm7ffz7tvQXEKV6BFMl7wAo=
github.com/gookit/color v1.5.2 h1:uLnfXcaFjlrDnQDT+NCBcfhrXqYTx/rcCa6xn01Y8yI=
github.com/gookit/color v1.5.2/go.mod h1:w8h4bGiHeeBpvQVePTutdbERIUf3oJE5lZ8HM0UgXyg=
github.com/grpc-ecosystem/go-grpc-middleware v1.3.0 h1:+9834+KizmvFV7pXQGSXQTsaWhq2GjuNUt0aUU0YBYw=
github.com/grpc-ecosystem/go-grpc-middleware v1.3.0/go.mod h1:z0ButlSOZa5vEBq9m2m2hlwIgKw+rp3sdCBRoJY+30Y=
github.com/ianlancetaylor/demangle v0.0.0-20220319035150-800ac71e25c2/go.mod h1:aYm2/VgdVmcIU8iMfdMvDMsRAQjcfZSKFby6HOFvi/w=
github.com/inconshreveable/mousetrap v1.0.1/go.mod h1:vpF70FUmC8bwa3OWnCshd2FqLfsEA9PFc4w1p2J65bw=
github.com/inconshreveable/mousetrap v1.1.0 h1:wN+x4NVGpMsO7ErUn/mUI3vEoE6Jt13X2s0bqwp9tc8=
github.com/inconshreveable/mousetrap v1.1.0/go.mod h1:vpF70FUmC8bwa3OWnCshd2FqLfsEA9PFc4w1p2J65bw=
github.com/jmespath/go-jmespath v0.4.0 h1:BEgLn5cpjn8UN1mAw4NjwDrS35OdebyEtFe+9YPoQUg=
github.com/jmespath/go-jmespath v0.4.0/go.mod h1:T8mJZnbsbmF+m6zOOFylbeCJqk5+pHWvzYPziyZiYoo=
github.com/jmespath/go-jmespath/internal/testify v1.5.1 h1:shLQSRRSCCPj3f2gpwzGwWFoC7ycTf1rcQZHOlsJ6N8=
github.com/jmespath/go-jmespath/internal/testify v1.5.1/go.mod h1:L3OGu8Wl2/fWfCI6z80xFu9LTZmf1ZRjMHUOPmWr69U=
github.com/kballard/go-shellquote v0.0.0-20180428030007-95032a82bc51/go.mod h1:CzGEWj7cYgsdH8dAjBGEr58BoE7ScuLd+fwFZ44+/x8=
github.com/kisielk/errcheck v1.5.0/go.mod h1:pFxgyoBC7bSaBwPgfKdkLd5X25qrDl4LWUI2bnpBCr8=
github.com/kisielk/gotool v1.0.0/go.mod h1:XhKaO+MFFWcvkIS/tQcRk01m1F5IRFswLeQ+oQHNcck=
github.com/klauspost/compress v1.15.12 h1:YClS/PImqYbn+UILDnqxQCZ3RehC9N318SU3kElDUEM=
github.com/klauspost/compress v1.15.12/go.mod h1:QPwzmACJjUTFsnSHH934V6woptycfrDDJnH7hvFVbGM=
github.com/klauspost/cpuid/v2 v2.0.9/go.mod h1:FInQzS24/EEf25PyTYn52gqo7WaD8xa0213Md/qVLRg=
github.com/klauspost/cpuid/v2 v2.0.10/go.mod h1:g2LTdtYhdyuGPqyWyv7qRAmj1WBqxuObKfj5c0PQa7c=
github.com/klauspost/cpuid/v2 v2.0.12/go.mod h1:g2LTdtYhdyuGPqyWyv7qRAmj1WBqxuObKfj5c0PQa7c=
github.com/klauspost/cpuid/v2 v2.2.0 h1:4ZexSFt8agMNzNisrsilL6RClWDC5YJnLHNIfTy4iuc=
github.com/konsorten/go-windows-terminal-sequences v1.0.1/go.mod h1:T0+1ngSBFLxvqU3pZ+m/2kptfBszLMUkC4ZK/EgS/cQ=
github.com/kr/logfmt v0.0.0-20140226030751-b84e30acd515/go.mod h1:+0opPa2QZZtGFBFZlji/RkVcI2GknAs/DXo4wKdlNEc=
github.com/kr/pretty v0.1.0/go.mod h1:dAy3ld7l9f0ibDNOQOHHMYYIIbhfbHSm3C4ZsoJORNo=
github.com/kr/pty v1.1.1/go.mod h1:pFQYn66WHrOpPYNljwOMqo10TkYh1fy3cYio2l3bCsQ=
github.com/kr/text v0.1.0/go.mod h1:4Jbv+DJW3UT/LiOwJeYQe1efqtUx/iVham/4vfdArNI=
github.com/lib/pq v1.10.1 h1:6VXZrLU0jHBYyAqrSPa+MgPfnSvTPuMgK+k0o5kVFWo=
github.com/lib/pq v1.10.1/go.mod h1:AlVN5x4E4T544tWzH6hKfbfQvm3HdbOxrmggDNAPY9o=
github.com/lithammer/fuzzysearch v1.1.5 h1:Ag7aKU08wp0R9QCfF4GoGST9HbmAIeLP7xwMrOBEp1c=
github.com/lithammer/fuzzysearch v1.1.5/go.mod h1:1R1LRNk7yKid1BaQkmuLQaHruxcC4HmAH30Dh61Ih1Q=
github.com/mattn/go-isatty v0.0.16 h1:bq3VjFmv/sOjHtdEhmkEV4x1AJtvUvOJ2PFAZ5+peKQ=
github.com/mattn/go-isatty v0.0.16/go.mod h1:kYGgaQfpe5nmfYZH+SKPsOc2e4SrIfOl2e/yFXSvRLM=
github.com/mattn/go-runewidth v0.0.13/go.mod h1:Jdepj2loyihRzMpdS35Xk/zdY8IAYHsh153qUoGf23w=
github.com/mattn/go-runewidth v0.0.14 h1:+xnbZSEeDbOIg5/mE6JF0w6n9duR1l3/WmbinWVwUuU=
github.com/mattn/go-runewidth v0.0.14/go.mod h1:Jdepj2loyihRzMpdS35Xk/zdY8IAYHsh153qUoGf23w=
github.com/mattn/go-sqlite3 v1.14.7/go.mod h1:NyWgC/yNuGj7Q9rpYnZvas74GogHl5/Z4A/KQRfk6bU=
github.com/mattn/go-sqlite3 v1.14.15/go.mod h1:2eHXhiwb8IkHr+BDWZGa96P6+rkvnG63S2DGjv9HUNg=
github.com/mohae/deepcopy v0.0.0-20170929034955-c48cc78d4826 h1:RWengNIwukTxcDr9M+97sNutRR1RKhG96O6jWumTTnw=
github.com/mohae/deepcopy v0.0.0-20170929034955-c48cc78d4826/go.mod h1:TaXosZuwdSHYgviHp1DAtfrULt5eUgsSMsZf+YrPgl8=
github.com/opentracing/opentracing-go v1.1.0/go.mod h1:UkNAQd3GIcIGf0SeVgPpRdFStlNbqXla1AfSYxPUl2o=
github.com/pkg/errors v0.8.1 h1:iURUrRGxPUNPdy5/HRSm+Yj6okJ6UtLINN0Q9M4+h3I=
github.com/pkg/errors v0.8.1/go.mod h1:bwawxfHBFNV+L2hUp1rHADufV3IMtnDRdf1r5NINEl0=
github.com/pmezard/go-difflib v1.0.0 h1:4DBwDE0NGyQoBHbLQYPwSUPoCMWR5BEzIk/f1lZbAQM=
github.com/pmezard/go-difflib v1.0.0/go.mod h1:iKH77koFhYxTK1pcRnkKkqfTogsbg7gZNVY4sRDYZ/4=
github.com/prometheus/client_model v0.0.0-20190812154241-14fe0d1b01d4/go.mod h1:xMI15A0UPsDsEKsMN9yxemIoYk6Tm2C1GtYGdfGttqA=
github.com/pterm/pterm v0.12.27/go.mod h1:PhQ89w4i95rhgE+xedAoqous6K9X+r6aSOI2eFF7DZI=
github.com/pterm/pterm v0.12.29/go.mod h1:WI3qxgvoQFFGKGjGnJR849gU0TsEOvKn5Q8LlY1U7lg=
github.com/pterm/pterm v0.12.30/go.mod h1:MOqLIyMOgmTDz9yorcYbcw+HsgoZo3BQfg2wtl3HEFE=
github.com/pterm/pterm v0.12.31/go.mod h1:32ZAWZVXD7ZfG0s8qqHXePte42kdz8ECtRyEejaWgXU=
github.com/pterm/pterm v0.12.33/go.mod h1:x+h2uL+n7CP/rel9+bImHD5lF3nM9vJj80k9ybiiTTE=
github.com/pterm/pterm v0.12.36/go.mod h1:NjiL09hFhT/vWjQHSj1athJpx6H8cjpHXNAK5bUw8T8=
github.com/pterm/pterm v0.12.40/go.mod h1:ffwPLwlbXxP+rxT0GsgDTzS3y3rmpAO1NMjUkGTYf8s=
github.com/pterm/pterm v0.12.50 h1:53nKg5lLI1kXkvLWq2IQI5rgkPkFzEQsuQjxAb39VlE=
github.com/pterm/pterm v0.12.50/go.mod h1:79BLm4vos2z+eOoHnDG7ZWuYtLaSStyaspKjGmSoxc4=
github.com/remyoudompheng/bigfft v0.0.0-20200410134404-eec4a21b6bb0/go.mod h1:qqbHyh8v60DhA7CoWK5oRCqLrMHRGoxYCSS9EjAz6Eo=
github.com/remyoudompheng/bigfft v0.0.0-20220927061507-ef77025ab5aa h1:tEkEyxYeZ43TR55QU/hsIt9aRGBxbgGuz9CGykjvogY=
github.com/remyoudompheng/bigfft v0.0.0-20220927061507-ef77025ab5aa/go.mod h1:qqbHyh8v60DhA7CoWK5oRCqLrMHRGoxYCSS9EjAz6Eo=
github.com/richardlehane/mscfb v1.0.4 h1:WULscsljNPConisD5hR0+OyZjwK46Pfyr6mPu5ZawpM=
github.com/richardlehane/mscfb v1.0.4/go.mod h1:YzVpcZg9czvAuhk9T+a3avCpcFPMUWm7gK3DypaEsUk=
github.com/richardlehane/msoleps v1.0.1/go.mod h1:BWev5JBpU9Ko2WAgmZEuiz4/u3ZYTKbjLycmwiWUfWg=
github.com/richardlehane/msoleps v1.0.3 h1:aznSZzrwYRl3rLKRT3gUk9am7T/mLNSnJINvN0AQoVM=
github.com/richardlehane/msoleps v1.0.3/go.mod h1:BWev5JBpU9Ko2WAgmZEuiz4/u3ZYTKbjLycmwiWUfWg=
github.com/rivo/uniseg v0.2.0/go.mod h1:J6wj4VEh+S6ZtnVlnTBMWIodfgj8LQOQFoIToxlJtxc=
github.com/rivo/uniseg v0.4.3 h1:utMvzDsuh3suAEnhH0RdHmoPbU648o6CvXxTx4SBMOw=
github.com/rivo/uniseg v0.4.3/go.mod h1:FN3SvrM+Zdj16jyLfmOkMNblXMcoc8DfTHruCPUcx88=
github.com/russross/blackfriday/v2 v2.1.0/go.mod h1:+Rmxgy9KzJVeS9/2gXHxylqXiyQDYRxCVz55jmeOWTM=
github.com/segmentio/ksuid v1.0.4 h1:sBo2BdShXjmcugAMwjugoGUdUV0pcxY5mW4xKRn3v4c=
github.com/segmentio/ksuid v1.0.4/go.mod h1:/XUiZBD3kVx5SmUOl55voK5yeAbBNNIed+2O73XgrPE=
github.com/sergi/go-diff v1.2.0 h1:XU+rvMAioB0UC3q1MFrIQy4Vo5/4VsRDQQXHsEya6xQ=
github.com/sergi/go-diff v1.2.0/go.mod h1:STckp+ISIX8hZLjrqAeVduY0gWCT9IjLuqbuNXdaHfM=
github.com/sirupsen/logrus v1.4.2/go.mod h1:tLMulIdttU9McNUspp0xgXVQah82FyeX6MwdIuYE2rE=
github.com/spf13/cobra v1.6.1 h1:o94oiPyS4KD1mPy2fmcYYHHfCxLqYjJOhGsCHFZtEzA=
github.com/spf13/cobra v1.6.1/go.mod h1:IOw/AERYS7UzyrGinqmz6HLUo219MORXGxhbaJUqzrY=
github.com/spf13/pflag v1.0.5 h1:iy+VFUOCP1a+8yFto/drg2CJ5u0yRoB7fZw3DKv/JXA=
github.com/spf13/pflag v1.0.5/go.mod h1:McXfInJRrz4CZXVZOBLb0bTZqETkiAhM9Iw0y3An2Bg=
github.com/stretchr/objx v0.1.0/go.mod h1:HFkY916IF+rwdDfMAkV7OtwuqBVzrE8GR6GFx+wExME=
github.com/stretchr/objx v0.1.1/go.mod h1:HFkY916IF+rwdDfMAkV7OtwuqBVzrE8GR6GFx+wExME=
github.com/stretchr/objx v0.4.0 h1:M2gUjqZET1qApGOWNSnZ49BAIMX4F/1plDv3+l31EJ4=
github.com/stretchr/objx v0.4.0/go.mod h1:YvHI0jy2hoMjB+UWwv71VJQ9isScKT/TqJzVSSt89Yw=
github.com/stretchr/testify v1.2.2/go.mod h1:a8OnRcib4nhh0OaRAV+Yts87kKdq0PP7pXfy6kDkUVs=
github.com/stretchr/testify v1.3.0/go.mod h1:M5WIy9Dh21IEIfnGCwXGc5bZfKNJtfHm1UVUgZn+9EI=
github.com/stretchr/testify v1.4.0/go.mod h1:j7eGeouHqKxXV5pUuKE4zz7dFj8WfuZ+81PSLYec5m4=
github.com/stretchr/testify v1.6.1/go.mod h1:6Fq8oRcR53rry900zMqJjRRixrwX3KX962/h/Wwjteg=
github.com/stretchr/testify v1.7.0/go.mod h1:6Fq8oRcR53rry900zMqJjRRixrwX3KX962/h/Wwjteg=
github.com/stretchr/testify v1.7.1/go.mod h1:6Fq8oRcR53rry900zMqJjRRixrwX3KX962/h/Wwjteg=
github.com/stretchr/testify v1.8.0 h1:pSgiaMZlXftHpm5L7V1+rVB+AZJydKsMxsQBIJw4PKk=
github.com/stretchr/testify v1.8.0/go.mod h1:yNjHg4UonilssWZ8iaSj1OCr/vHnekPRkoO+kdMU+MU=
github.com/xo/terminfo v0.0.0-20210125001918-ca9a967f8778/go.mod h1:2MuV+tbUrU1zIOPMxZ5EncGwgmMJsa+9ucAQZXxsObs=
github.com/xo/terminfo v0.0.0-20220910002029-abceb7e1c41e h1:JVG44RsyaB9T2KIHavMF/ppJZNG9ZpyihvCd0w101no=
github.com/xo/terminfo v0.0.0-20220910002029-abceb7e1c41e/go.mod h1:RbqR21r5mrJuqunuUZ/Dhy/avygyECGrLceyNeo4LiM=
github.com/xuri/efp v0.0.0-20220603152613-6918739fd470 h1:6932x8ltq1w4utjmfMPVj09jdMlkY0aiA6+Skbtl3/c=
github.com/xuri/efp v0.0.0-20220603152613-6918739fd470/go.mod h1:ybY/Jr0T0GTCnYjKqmdwxyxn2BQf2RcQIIvex5QldPI=
github.com/xuri/excelize/v2 v2.6.1 h1:ICBdtw803rmhLN3zfvyEGH3cwSmZv+kde7LhTDT659k=
github.com/xuri/excelize/v2 v2.6.1/go.mod h1:tL+0m6DNwSXj/sILHbQTYsLi9IF4TW59H2EF3Yrx1AU=
github.com/xuri/nfp v0.0.0-20220409054826-5e722a1d9e22 h1:OAmKAfT06//esDdpi/DZ8Qsdt4+M5+ltca05dA5bG2M=
github.com/xuri/nfp v0.0.0-20220409054826-5e722a1d9e22/go.mod h1:WwHg+CVyzlv/TX9xqBFXEZAuxOPxn2k1GNHwG41IIUQ=
github.com/yuin/goldmark v1.1.27/go.mod h1:3hX8gzYuyVAZsxl0MRgGTJEmQBFcNTphYh9decYSb74=
github.com/yuin/goldmark v1.2.1/go.mod h1:3hX8gzYuyVAZsxl0MRgGTJEmQBFcNTphYh9decYSb74=
go.uber.org/atomic v1.4.0/go.mod h1:gD2HeocX3+yG+ygLZcrzQJaqmWj9AIm7n08wl/qW/PE=
go.uber.org/atomic v1.7.0/go.mod h1:fEN4uk6kAWBTFdckzkM89CLk9XfWZrxpCo0nPH17wJc=
go.uber.org/atomic v1.10.0 h1:9qC72Qh0+3MqyJbAn8YU5xVq1frD8bn3JtD2oXtafVQ=
go.uber.org/atomic v1.10.0/go.mod h1:LUxbIzbOniOlMKjJjyPfpl4v+PKK2cNJn91OQbhoJI0=
go.uber.org/goleak v1.1.11 h1:wy28qYRKZgnJTxGxvye5/wgWr1EKjmUDGYox5mGlRlI=
go.uber.org/multierr v1.1.0/go.mod h1:wR5kodmAFQ0UK8QlbwjlSNy0Z68gJhDJUG5sjR94q/0=
go.uber.org/multierr v1.8.0 h1:dg6GjLku4EH+249NNmoIciG9N/jURbDG+pFlTkhzIC8=
go.uber.org/multierr v1.8.0/go.mod h1:7EAYxJLBy9rStEaz58O2t4Uvip6FSURkq8/ppBp95ak=
go.uber.org/zap v1.10.0/go.mod h1:vwi/ZaCAaUcBkycHslxD9B2zi4UTXhF60s6SWpuDF0Q=
go.uber.org/zap v1.24.0 h1:FiJd5l1UOLj0wCgbSE0rwwXHzEdAZS6hiiSnxJN/D60=
go.uber.org/zap v1.24.0/go.mod h1:2kMP+WWQ8aoFoedH3T2sq6iJ2yDWpHbP0f6MQbS9Gkg=
golang.org/x/crypto v0.0.0-20190308221718-c2843e01d9a2/go.mod h1:djNgcEr1/C05ACkg1iLfiJU5Ep61QUkGW8qpdssI0+w=
golang.org/x/crypto v0.0.0-20190325154230-a5d413f7728c/go.mod h1:djNgcEr1/C05ACkg1iLfiJU5Ep61QUkGW8qpdssI0+w=
golang.org/x/crypto v0.0.0-20190605123033-f99c8df09eb5/go.mod h1:yigFU9vqHzYiE8UmvKecakEJjdnWj3jj499lnFckfCI=
golang.org/x/crypto v0.0.0-20191011191535-87dc89f01550/go.mod h1:yigFU9vqHzYiE8UmvKecakEJjdnWj3jj499lnFckfCI=
golang.org/x/crypto v0.0.0-20200622213623-75b288015ac9/go.mod h1:LzIPMQfyMNhhGPhUkYOs5KpL4U8rLKemX1yGLhDgUto=
golang.org/x/crypto v0.0.0-20220817201139-bc19a97f63c8/go.mod h1:IxCIyHEi3zRg3s0A5j5BB6A9Jmi73HwBIUl50j+osU4=
golang.org/x/crypto v0.3.0 h1:a06MkbcxBrEFc0w0QIZWXrH/9cCX6KJyWbBOIwAn+7A=
golang.org/x/crypto v0.3.0/go.mod h1:hebNnKkNXi2UzZN1eVRvBB7co0a+JxK6XbPiWVs/3J4=
golang.org/x/exp v0.0.0-20190121172915-509febef88a4/go.mod h1:CJ0aWSM057203Lf6IL+f9T1iT9GByDxfZKAQTCR3kQA=
golang.org/x/exp v0.0.0-20220909182711-5c715a9e8561 h1:MDc5xs78ZrZr3HMQugiXOAkSZtfTpbJLDr/lwfgO53E=
golang.org/x/image v0.0.0-20220413100746-70e8d0d3baa9 h1:LRtI4W37N+KFebI/qV0OFiLUv4GLOWeEW5hn/KEJvxE=
golang.org/x/image v0.0.0-20220413100746-70e8d0d3baa9/go.mod h1:023OzeP/+EPmXeapQh35lcL3II3LrY8Ic+EFFKVhULM=
golang.org/x/lint v0.0.0-20181026193005-c67002cb31c3/go.mod h1:UVdnD1Gm6xHRNCYTkRU2/jEulfH38KcIWyp/GAMgvoE=
golang.org/x/lint v0.0.0-20190227174305-5b3e6a55c961/go.mod h1:wehouNa3lNwaWXcvxsM5YxQ5yQlVC4a0KAMCusXpPoU=
golang.org/x/lint v0.0.0-20190313153728-d0100b6bd8b3/go.mod h1:6SW0HCj/g11FgYtHlgUYUwCkIfeOF89ocIRzGO/8vkc=
golang.org/x/mod v0.2.0/go.mod h1:s0Qsj1ACt9ePp/hMypM3fl4fZqREWJwdYDEqhRiZZUA=
golang.org/x/mod v0.3.0/go.mod h1:s0Qsj1ACt9ePp/hMypM3fl4fZqREWJwdYDEqhRiZZUA=
golang.org/x/net v0.0.0-20180724234803-3673e40ba225/go.mod h1:mL1N/T3taQHkDXs73rZJwtUhF3w3ftmwwsq0BUmARs4=
golang.org/x/net v0.0.0-20180826012351-8a410e7b638d/go.mod h1:mL1N/T3taQHkDXs73rZJwtUhF3w3ftmwwsq0BUmARs4=
golang.org/x/net v0.0.0-20190213061140-3a22650c66bd/go.mod h1:mL1N/T3taQHkDXs73rZJwtUhF3w3ftmwwsq0BUmARs4=
golang.org/x/net v0.0.0-20190311183353-d8887717615a/go.mod h1:t9HGtf8HONx5eT2rtn7q6eTqICYqUVnKs3thJo3Qplg=
golang.org/x/net v0.0.0-20190404232315-eb5bcb51f2a3/go.mod h1:t9HGtf8HONx5eT2rtn7q6eTqICYqUVnKs3thJo3Qplg=
golang.org/x/net v0.0.0-20190620200207-3b0461eec859/go.mod h1:z5CRVTTTmAJ677TzLLGU+0bjPO0LkuOLi4/5GtJWs/s=
golang.org/x/net v0.0.0-20200226121028-0de0cce0169b/go.mod h1:z5CRVTTTmAJ677TzLLGU+0bjPO0LkuOLi4/5GtJWs/s=
golang.org/x/net v0.0.0-20201021035429-f5854403a974/go.mod h1:sp8m0HH+o8qH0wwXwYZr8TS3Oi6o0r6Gce1SSxlDquU=
golang.org/x/net v0.0.0-20211112202133-69e39bad7dc2/go.mod h1:9nx3DQGgdP8bBQD5qxJ1jj9UTztislL4KSBs9R2vV5Y=
golang.org/x/net v0.0.0-20220812174116-3211cb980234/go.mod h1:YDH+HFinaLZZlnHAfSS6ZXJJ9M9t4Dl22yv3iI2vPwk=
golang.org/x/net v0.2.0 h1:sZfSu1wtKLGlWI4ZZayP0ck9Y73K1ynO6gqzTdBVdPU=
golang.org/x/net v0.2.0/go.mod h1:KqCZLdyyvdV855qA2rE3GC2aiw5xGR5TEjj8smXukLY=
golang.org/x/oauth2 v0.0.0-20180821212333-d2e6202438be/go.mod h1:N/0e6XlmueqKjAGxoOufVs8QHGRruUQn6yWY3a++T0U=
golang.org/x/sync v0.0.0-20180314180146-1d60e4601c6f/go.mod h1:RxMgew5VJxzue5/jJTE5uejpjVlOe/izrB70Jof72aM=
golang.org/x/sync v0.0.0-20181108010431-42b317875d0f/go.mod h1:RxMgew5VJxzue5/jJTE5uejpjVlOe/izrB70Jof72aM=
golang.org/x/sync v0.0.0-20190423024810-112230192c58/go.mod h1:RxMgew5VJxzue5/jJTE5uejpjVlOe/izrB70Jof72aM=
golang.org/x/sync v0.0.0-20190911185100-cd5d95a43a6e/go.mod h1:RxMgew5VJxzue5/jJTE5uejpjVlOe/izrB70Jof72aM=
golang.org/x/sync v0.0.0-20201020160332-67f06af15bc9/go.mod h1:RxMgew5VJxzue5/jJTE5uejpjVlOe/izrB70Jof72aM=
golang.org/x/sys v0.0.0-20180830151530-49385e6e1522/go.mod h1:STP8DvDyc/dI5b8T5hshtkjS+E42TnysNCUPdjciGhY=
golang.org/x/sys v0.0.0-20190215142949-d0b11bdaac8a/go.mod h1:STP8DvDyc/dI5b8T5hshtkjS+E42TnysNCUPdjciGhY=
golang.org/x/sys v0.0.0-20190412213103-97732733099d/go.mod h1:h1NjWce9XRLGQEsW7wpKNCjG9DtNlClVuFLEZdDNbEs=
golang.org/x/sys v0.0.0-20190422165155-953cdadca894/go.mod h1:h1NjWce9XRLGQEsW7wpKNCjG9DtNlClVuFLEZdDNbEs=
golang.org/x/sys v0.0.0-20200930185726-fdedc70b468f/go.mod h1:h1NjWce9XRLGQEsW7wpKNCjG9DtNlClVuFLEZdDNbEs=
golang.org/x/sys v0.0.0-20201119102817-f84b799fce68/go.mod h1:h1NjWce9XRLGQEsW7wpKNCjG9DtNlClVuFLEZdDNbEs=
golang.org/x/sys v0.0.0-20210124154548-22da62e12c0c/go.mod h1:h1NjWce9XRLGQEsW7wpKNCjG9DtNlClVuFLEZdDNbEs=
golang.org/x/sys v0.0.0-20210330210617-4fbd30eecc44/go.mod h1:h1NjWce9XRLGQEsW7wpKNCjG9DtNlClVuFLEZdDNbEs=
golang.org/x/sys v0.0.0-20210423082822-04245dca01da/go.mod h1:h1NjWce9XRLGQEsW7wpKNCjG9DtNlClVuFLEZdDNbEs=
golang.org/x/sys v0.0.0-20210615035016-665e8c7367d1/go.mod h1:oPkhp1MJrh7nUepCBck5+mAzfO9JrbApNNgaTdGDITg=
golang.org/x/sys v0.0.0-20211013075003-97ac67df715c/go.mod h1:oPkhp1MJrh7nUepCBck5+mAzfO9JrbApNNgaTdGDITg=
golang.org/x/sys v0.0.0-20220310020820-b874c991c1a5/go.mod h1:oPkhp1MJrh7nUepCBck5+mAzfO9JrbApNNgaTdGDITg=
golang.org/x/sys v0.0.0-20220319134239-a9b59b0215f8/go.mod h1:oPkhp1MJrh7nUepCBck5+mAzfO9JrbApNNgaTdGDITg=
golang.org/x/sys v0.0.0-20220728004956-3c1f35247d10/go.mod h1:oPkhp1MJrh7nUepCBck5+mAzfO9JrbApNNgaTdGDITg=
golang.org/x/sys v0.0.0-20220811171246-fbc7d0a398ab/go.mod h1:oPkhp1MJrh7nUepCBck5+mAzfO9JrbApNNgaTdGDITg=
golang.org/x/sys v0.3.0 h1:w8ZOecv6NaNa/zC8944JTU3vz4u6Lagfk4RPQxv92NQ=
golang.org/x/sys v0.3.0/go.mod h1:oPkhp1MJrh7nUepCBck5+mAzfO9JrbApNNgaTdGDITg=
golang.org/x/term v0.0.0-20201126162022-7de9c90e9dd1/go.mod h1:bj7SfCRtBDWHUb9snDiAeCFNEtKQo2Wmx5Cou7ajbmo=
golang.org/x/term v0.0.0-20210220032956-6a3ed077a48d/go.mod h1:bj7SfCRtBDWHUb9snDiAeCFNEtKQo2Wmx5Cou7ajbmo=
golang.org/x/term v0.0.0-20210615171337-6886f2dfbf5b/go.mod h1:jbD1KX2456YbFQfuXm/mYQcufACuNUgVhRMnK/tPxf8=
golang.org/x/term v0.0.0-20210927222741-03fcf44c2211/go.mod h1:jbD1KX2456YbFQfuXm/mYQcufACuNUgVhRMnK/tPxf8=
golang.org/x/term v0.2.0 h1:z85xZCsEl7bi/KwbNADeBYoOP0++7W1ipu+aGnpwzRM=
golang.org/x/term v0.2.0/go.mod h1:TVmDHMZPmdnySmBfhjOoOdhjzdE1h4u1VwSiw2l1Nuc=
golang.org/x/text v0.3.0/go.mod h1:NqM8EUOU14njkJ3fqMW+pc6Ldnwhi/IjpwHt7yyuwOQ=
golang.org/x/text v0.3.3/go.mod h1:5Zoc/QRtKVWzQhOtBMvqHzDpF6irO9z98xDceosuGiQ=
golang.org/x/text v0.3.6/go.mod h1:5Zoc/QRtKVWzQhOtBMvqHzDpF6irO9z98xDceosuGiQ=
golang.org/x/text v0.3.7/go.mod h1:u+2+/6zg+i71rQMx5EYifcz6MCKuco9NR6JIITiCfzQ=
golang.org/x/text v0.5.0 h1:OLmvp0KP+FVG99Ct/qFiL/Fhk4zp4QQnZ7b2U+5piUM=
golang.org/x/text v0.5.0/go.mod h1:mrYo+phRRbMaCq/xk9113O4dZlRixOauAjOtrjsXDZ8=
golang.org/x/tools v0.0.0-20180917221912-90fa682c2a6e/go.mod h1:n7NCudcB/nEzxVGmLbDWY5pfWTLqBcC2KZ6jyYvM4mQ=
golang.org/x/tools v0.0.0-20190114222345-bf090417da8b/go.mod h1:n7NCudcB/nEzxVGmLbDWY5pfWTLqBcC2KZ6jyYvM4mQ=
golang.org/x/tools v0.0.0-20190226205152-f727befe758c/go.mod h1:9Yl7xja0Znq3iFh3HoIrodX9oNMXvdceNzlUR8zjMvY=
golang.org/x/tools v0.0.0-20190311212946-11955173bddd/go.mod h1:LCzVGOaR6xXOjkQ3onu1FJEFr0SW1gC7cKk1uF8kGRs=
golang.org/x/tools v0.0.0-20190524140312-2c0ae7006135/go.mod h1:RgjU9mgBXZiqYHBnxXauZ1Gv1EHHAz9KjViQ78xBX0Q=
golang.org/x/tools v0.0.0-20191119224855-298f0cb1881e/go.mod h1:b+2E5dAYhXwXZwtnZ6UAqBI28+e2cm9otk0dWdXHAEo=
golang.org/x/tools v0.0.0-20200619180055-7c47624df98f/go.mod h1:EkVYQZoAsY45+roYkvgYkIh4xh/qjgUK9TdY2XT94GE=
golang.org/x/tools v0.0.0-20201124115921-2c860bdd6e78/go.mod h1:emZCQorbCU4vsT4fOWvOPXz4eW1wZW4PmDk9uLelYpA=
golang.org/x/tools v0.0.0-20210106214847-113979e3529a/go.mod h1:emZCQorbCU4vsT4fOWvOPXz4eW1wZW4PmDk9uLelYpA=
golang.org/x/xerrors v0.0.0-20190717185122-a985d3407aa7/go.mod h1:I/5z698sn9Ka8TeJc9MKroUUfqBBauWjQqLJ2OPfmY0=
golang.org/x/xerrors v0.0.0-20191011141410-1b5146add898/go.mod h1:I/5z698sn9Ka8TeJc9MKroUUfqBBauWjQqLJ2OPfmY0=
golang.org/x/xerrors v0.0.0-20191204190536-9bdfabe68543/go.mod h1:I/5z698sn9Ka8TeJc9MKroUUfqBBauWjQqLJ2OPfmY0=
golang.org/x/xerrors v0.0.0-20200804184101-5ec99f83aff1/go.mod h1:I/5z698sn9Ka8TeJc9MKroUUfqBBauWjQqLJ2OPfmY0=
google.golang.org/appengine v1.1.0/go.mod h1:EbEs0AVv82hx2wNQdGPgUI5lhzA/G0D9YwlJXL52JkM=
google.golang.org/appengine v1.4.0/go.mod h1:xpcJRLb0r/rnEns0DIKYYv+WjYCduHsrkT7/EB5XEv4=
google.golang.org/genproto v0.0.0-20180817151627-c66870c02cf8/go.mod h1:JiN7NxoALGmiZfu7CAH4rXhgtRTLTxftemlI0sWmxmc=
google.golang.org/genproto v0.0.0-20190819201941-24fa4b261c55/go.mod h1:DMBHOl98Agz4BDEuKkezgsaosCRResVns1a3J2ZsMNc=
google.golang.org/genproto v0.0.0-20200423170343-7949de9c1215/go.mod h1:55QSHmfGQM9UVYDPBsyGGes0y52j32PQ3BqQfXhyH3c=
google.golang.org/genproto v0.0.0-20221205194025-8222ab48f5fc h1:nUKKji0AarrQKh6XpFEpG3p1TNztxhe7C8TcUvDgXqw=
google.golang.org/genproto v0.0.0-20221205194025-8222ab48f5fc/go.mod h1:1dOng4TWOomJrDGhpXjfCD35wQC6jnC7HpRmOFRqEV0=
google.golang.org/grpc v1.19.0/go.mod h1:mqu4LbDTu4XGKhr4mRzUsmM4RtVoemTSY81AxZiDr8c=
google.golang.org/grpc v1.23.0/go.mod h1:Y5yQAOtifL1yxbo5wqy6BxZv8vAUGQwXBOALyacEbxg=
google.golang.org/grpc v1.25.1/go.mod h1:c3i+UQWmh7LiEpx4sFZnkU36qjEYZ0imhYfXVyQciAY=
google.golang.org/grpc v1.27.0/go.mod h1:qbnxyOmOxrQa7FizSgH+ReBfzJrCY1pSN7KXBS8abTk=
google.golang.org/grpc v1.29.1/go.mod h1:itym6AZVZYACWQqET3MqgPpjcuV5QH3BxFS3IjizoKk=
google.golang.org/grpc v1.51.0 h1:E1eGv1FTqoLIdnBCZufiSHgKjlqG6fKFf6pPWtMTh8U=
google.golang.org/grpc v1.51.0/go.mod h1:wgNDFcnuBGmxLKI/qn4T+m5BtEBYXJPvibbUPsAIPww=
google.golang.org/protobuf v1.26.0-rc.1/go.mod h1:jlhhOSvTdKEhbULTjvd4ARK9grFBp09yW+WbY/TyQbw=
google.golang.org/protobuf v1.26.0/go.mod h1:9q0QmTI4eRPtz6boOQmLYwt+qCgq0jsYwAQnmE0givc=
google.golang.org/protobuf v1.28.1 h1:d0NfwRgPtno5B1Wa6L2DAG+KivqkdutMf1UhdNx175w=
google.golang.org/protobuf v1.28.1/go.mod h1:HV8QOd/L58Z+nl8r43ehVNZIU/HEI6OcFqwMG9pJV4I=
gopkg.in/check.v1 v0.0.0-20161208181325-20d25e280405/go.mod h1:Co6ibVJAznAaIkqp8huTwlJQCZ016jof/cbN4VW5Yz0=
gopkg.in/check.v1 v1.0.0-20190902080502-41f04d3bba15/go.mod h1:Co6ibVJAznAaIkqp8huTwlJQCZ016jof/cbN4VW5Yz0=
gopkg.in/yaml.v2 v2.2.2/go.mod h1:hI93XBmqTisBFMUTm0b8Fm+jr3Dg1NNxqwp+5A1VGuI=
gopkg.in/yaml.v2 v2.2.4/go.mod h1:hI93XBmqTisBFMUTm0b8Fm+jr3Dg1NNxqwp+5A1VGuI=
gopkg.in/yaml.v2 v2.2.8/go.mod h1:hI93XBmqTisBFMUTm0b8Fm+jr3Dg1NNxqwp+5A1VGuI=
gopkg.in/yaml.v2 v2.4.0 h1:D8xgwECY7CYvx+Y2n4sBz93Jn9JRvxdiyyo8CTfuKaY=
gopkg.in/yaml.v3 v3.0.0-20200313102051-9f266ea9e77c/go.mod h1:K4uyk7z7BCEPqu6E+C64Yfv1cQ7kz7rIZviUmN+EgEM=
gopkg.in/yaml.v3 v3.0.0-20210107192922-496545a6307b/go.mod h1:K4uyk7z7BCEPqu6E+C64Yfv1cQ7kz7rIZviUmN+EgEM=
gopkg.in/yaml.v3 v3.0.0/go.mod h1:K4uyk7z7BCEPqu6E+C64Yfv1cQ7kz7rIZviUmN+EgEM=
gopkg.in/yaml.v3 v3.0.1 h1:fxVm/GzAzEWqLHuvctI91KS9hhNmmWOoWu0XTYJS7CA=
gopkg.in/yaml.v3 v3.0.1/go.mod h1:K4uyk7z7BCEPqu6E+C64Yfv1cQ7kz7rIZviUmN+EgEM=
honnef.co/go/tools v0.0.0-20190102054323-c2f93a96b099/go.mod h1:rf3lG4BRIbNafJWhAfAdb/ePZxsR/4RtNHQocxwk9r4=
honnef.co/go/tools v0.0.0-20190523083050-ea95bdfd59fc/go.mod h1:rf3lG4BRIbNafJWhAfAdb/ePZxsR/4RtNHQocxwk9r4=
lukechampine.com/uint128 v1.1.1/go.mod h1:c4eWIwlEGaxC/+H1VguhU4PHXNWDCDMUlWdIWl2j1gk=
lukechampine.com/uint128 v1.2.0/go.mod h1:c4eWIwlEGaxC/+H1VguhU4PHXNWDCDMUlWdIWl2j1gk=
modernc.org/cc/v3 v3.37.0/go.mod h1:vtL+3mdHx/wcj3iEGz84rQa8vEqR6XM84v5Lcvfph20=
modernc.org/cc/v3 v3.38.1/go.mod h1:vtL+3mdHx/wcj3iEGz84rQa8vEqR6XM84v5Lcvfph20=
modernc.org/cc/v3 v3.40.0/go.mod h1:/bTg4dnWkSXowUO6ssQKnOV0yMVxDYNIsIrzqTFDGH0=
modernc.org/ccgo/v3 v3.0.0-20220904174949-82d86e1b6d56/go.mod h1:YSXjPL62P2AMSxBphRHPn7IkzhVHqkvOnRKAKh+W6ZI=
modernc.org/ccgo/v3 v3.0.0-20220910160915-348f15de615a/go.mod h1:8p47QxPkdugex9J4n9P2tLZ9bK01yngIVp00g4nomW0=
modernc.org/ccgo/v3 v3.16.13-0.20221017192402-261537637ce8/go.mod h1:fUB3Vn0nVPReA+7IG7yZDfjv1TMWjhQP8gCxrFAtL5g=
modernc.org/ccgo/v3 v3.16.13/go.mod h1:2Quk+5YgpImhPjv2Qsob1DnZ/4som1lJTodubIcoUkY=
modernc.org/ccorpus v1.11.6/go.mod h1:2gEUTrWqdpH2pXsmTM1ZkjeSrUWDpjMu2T6m29L/ErQ=
modernc.org/httpfs v1.0.6/go.mod h1:7dosgurJGp0sPaRanU53W4xZYKh14wfzX420oZADeHM=
modernc.org/libc v1.17.4/go.mod h1:WNg2ZH56rDEwdropAJeZPQkXmDwh+JCA1s/htl6r2fA=
modernc.org/libc v1.18.0/go.mod h1:vj6zehR5bfc98ipowQOM2nIDUZnVew/wNC/2tOGS+q0=
modernc.org/libc v1.19.0/go.mod h1:ZRfIaEkgrYgZDl6pa4W39HgN5G/yDW+NRmNKZBDFrk0=
modernc.org/libc v1.20.3/go.mod h1:ZRfIaEkgrYgZDl6pa4W39HgN5G/yDW+NRmNKZBDFrk0=
modernc.org/libc v1.21.4/go.mod h1:przBsL5RDOZajTVslkugzLBj1evTue36jEomFQOoYuI=
modernc.org/libc v1.21.5 h1:xBkU9fnHV+hvZuPSRszN0AXDG4M7nwPLwTWwkYcvLCI=
modernc.org/libc v1.21.5/go.mod h1:przBsL5RDOZajTVslkugzLBj1evTue36jEomFQOoYuI=
modernc.org/mathutil v1.5.0 h1:rV0Ko/6SfM+8G+yKiyI830l3Wuz1zRutdslNoQ0kfiQ=
modernc.org/mathutil v1.5.0/go.mod h1:mZW8CKdRPY1v87qxC/wUdX5O1qDzXMP5TH3wjfpga6E=
modernc.org/memory v1.3.0/go.mod h1:PkUhL0Mugw21sHPeskwZW4D6VscE/GQJOnIpCnW6pSU=
modernc.org/memory v1.4.0/go.mod h1:PkUhL0Mugw21sHPeskwZW4D6VscE/GQJOnIpCnW6pSU=
modernc.org/memory v1.5.0 h1:N+/8c5rE6EqugZwHii4IFsaJ7MUhoWX07J5tC/iI5Ds=
modernc.org/memory v1.5.0/go.mod h1:PkUhL0Mugw21sHPeskwZW4D6VscE/GQJOnIpCnW6pSU=
modernc.org/opt v0.1.1/go.mod h1:WdSiB5evDcignE70guQKxYUl14mgWtbClRi5wmkkTX0=
modernc.org/opt v0.1.3/go.mod h1:WdSiB5evDcignE70guQKxYUl14mgWtbClRi5wmkkTX0=
modernc.org/sqlite v1.19.5/go.mod h1:EsYz8rfOvLCiYTy5ZFsOYzoCcRMu98YYkwAcCw5YIYw=
modernc.org/sqlite v1.20.0 h1:80zmD3BGkm8BZ5fUi/4lwJQHiO3GXgIUvZRXpoIfROY=
modernc.org/sqlite v1.20.0/go.mod h1:EsYz8rfOvLCiYTy5ZFsOYzoCcRMu98YYkwAcCw5YIYw=
modernc.org/strutil v1.1.3/go.mod h1:MEHNA7PdEnEwLvspRMtWTNnp2nnyvMfkimT1NKNAGbw=
modernc.org/tcl v1.15.0/go.mod h1:xRoGotBZ6dU+Zo2tca+2EqVEeMmOUBzHnhIwq4YrVnE=
modernc.org/token v1.0.1/go.mod h1:UGzOrNV1mAFSEB63lOFHIpNRUVMvYTc6yu1SMY/XTDM=
modernc.org/z v1.7.0/go.mod h1:hVdgNMh8ggTuRG1rGU8x+xGRFfiQUIAw0ZqlPy8+HyQ=
